
Microsoft Visual Studio Solution File, Format Version 12.00
# Visual Studio 14
VisualStudioVersion = 14.0.24720.0
MinimumVisualStudioVersion = 10.0.40219.1
Project("{FAE04EC0-301F-11D3-BF4B-00C04F79EFBC}") = "Calculator.Droid", "Calculator\Calculator.Droid\Calculator.Droid.csproj", "{2FEBF11B-09EB-48B5-8DF1-9B65F5AD8E61}"
EndProject
Project("{FAE04EC0-301F-11D3-BF4B-00C04F79EFBC}") = "Calculator.iOS", "Calculator\Calculator.iOS\Calculator.iOS.csproj", "{CEF85733-6A34-4202-AFB1-1335EE6EE187}"
EndProject
Project("{FAE04EC0-301F-11D3-BF4B-00C04F79EFBC}") = "Calculator.WinPhone", "Calculator\Calculator.WinPhone\Calculator.WinPhone.csproj", "{CA829943-B892-4EBD-A373-99DFC0D7822F}"
EndProject
Project("{FAE04EC0-301F-11D3-BF4B-00C04F79EFBC}") = "Calculator.UWP", "Calculator\Calculator.UWP\Calculator.UWP.csproj", "{7972456A-9957-42B5-B827-A618F3A58516}"
EndProject
Project("{FAE04EC0-301F-11D3-BF4B-00C04F79EFBC}") = "Calculator.Windows", "Calculator\Calculator.Windows\Calculator.Windows.csproj", "{679139AA-3428-4E72-8A30-9F28257F63D2}"
EndProject
Project("{FAE04EC0-301F-11D3-BF4B-00C04F79EFBC}") = "Calculator", "Calculator\Calculator\Calculator.csproj", "{F86594DF-1CDC-462D-BF32-F04699092740}"
EndProject
Project("{FAE04EC0-301F-11D3-BF4B-00C04F79EFBC}") = "CalculatorTests", "CalculatorTests\CalculatorTests.csproj", "{5D4CD759-8E6A-4C62-B6F6-C13CB449F9EA}"
EndProject
Global
	GlobalSection(SolutionConfigurationPlatforms) = preSolution
		Ad-Hoc|Any CPU = Ad-Hoc|Any CPU
		Ad-Hoc|ARM = Ad-Hoc|ARM
		Ad-Hoc|iPhone = Ad-Hoc|iPhone
		Ad-Hoc|iPhoneSimulator = Ad-Hoc|iPhoneSimulator
		Ad-Hoc|x64 = Ad-Hoc|x64
		Ad-Hoc|x86 = Ad-Hoc|x86
		AppStore|Any CPU = AppStore|Any CPU
		AppStore|ARM = AppStore|ARM
		AppStore|iPhone = AppStore|iPhone
		AppStore|iPhoneSimulator = AppStore|iPhoneSimulator
		AppStore|x64 = AppStore|x64
		AppStore|x86 = AppStore|x86
		Debug|Any CPU = Debug|Any CPU
		Debug|ARM = Debug|ARM
		Debug|iPhone = Debug|iPhone
		Debug|iPhoneSimulator = Debug|iPhoneSimulator
		Debug|x64 = Debug|x64
		Debug|x86 = Debug|x86
		Release|Any CPU = Release|Any CPU
		Release|ARM = Release|ARM
		Release|iPhone = Release|iPhone
		Release|iPhoneSimulator = Release|iPhoneSimulator
		Release|x64 = Release|x64
		Release|x86 = Release|x86
	EndGlobalSection
	GlobalSection(ProjectConfigurationPlatforms) = postSolution
		{2FEBF11B-09EB-48B5-8DF1-9B65F5AD8E61}.Ad-Hoc|Any CPU.ActiveCfg = Release|Any CPU
		{2FEBF11B-09EB-48B5-8DF1-9B65F5AD8E61}.Ad-Hoc|Any CPU.Build.0 = Release|Any CPU
		{2FEBF11B-09EB-48B5-8DF1-9B65F5AD8E61}.Ad-Hoc|Any CPU.Deploy.0 = Release|Any CPU
		{2FEBF11B-09EB-48B5-8DF1-9B65F5AD8E61}.Ad-Hoc|ARM.ActiveCfg = Release|Any CPU
		{2FEBF11B-09EB-48B5-8DF1-9B65F5AD8E61}.Ad-Hoc|ARM.Build.0 = Release|Any CPU
		{2FEBF11B-09EB-48B5-8DF1-9B65F5AD8E61}.Ad-Hoc|ARM.Deploy.0 = Release|Any CPU
		{2FEBF11B-09EB-48B5-8DF1-9B65F5AD8E61}.Ad-Hoc|iPhone.ActiveCfg = Release|Any CPU
		{2FEBF11B-09EB-48B5-8DF1-9B65F5AD8E61}.Ad-Hoc|iPhone.Build.0 = Release|Any CPU
		{2FEBF11B-09EB-48B5-8DF1-9B65F5AD8E61}.Ad-Hoc|iPhone.Deploy.0 = Release|Any CPU
		{2FEBF11B-09EB-48B5-8DF1-9B65F5AD8E61}.Ad-Hoc|iPhoneSimulator.ActiveCfg = Release|Any CPU
		{2FEBF11B-09EB-48B5-8DF1-9B65F5AD8E61}.Ad-Hoc|iPhoneSimulator.Build.0 = Release|Any CPU
		{2FEBF11B-09EB-48B5-8DF1-9B65F5AD8E61}.Ad-Hoc|iPhoneSimulator.Deploy.0 = Release|Any CPU
		{2FEBF11B-09EB-48B5-8DF1-9B65F5AD8E61}.Ad-Hoc|x64.ActiveCfg = Release|Any CPU
		{2FEBF11B-09EB-48B5-8DF1-9B65F5AD8E61}.Ad-Hoc|x64.Build.0 = Release|Any CPU
		{2FEBF11B-09EB-48B5-8DF1-9B65F5AD8E61}.Ad-Hoc|x64.Deploy.0 = Release|Any CPU
		{2FEBF11B-09EB-48B5-8DF1-9B65F5AD8E61}.Ad-Hoc|x86.ActiveCfg = Release|Any CPU
		{2FEBF11B-09EB-48B5-8DF1-9B65F5AD8E61}.Ad-Hoc|x86.Build.0 = Release|Any CPU
		{2FEBF11B-09EB-48B5-8DF1-9B65F5AD8E61}.Ad-Hoc|x86.Deploy.0 = Release|Any CPU
		{2FEBF11B-09EB-48B5-8DF1-9B65F5AD8E61}.AppStore|Any CPU.ActiveCfg = Release|Any CPU
		{2FEBF11B-09EB-48B5-8DF1-9B65F5AD8E61}.AppStore|Any CPU.Build.0 = Release|Any CPU
		{2FEBF11B-09EB-48B5-8DF1-9B65F5AD8E61}.AppStore|Any CPU.Deploy.0 = Release|Any CPU
		{2FEBF11B-09EB-48B5-8DF1-9B65F5AD8E61}.AppStore|ARM.ActiveCfg = Release|Any CPU
		{2FEBF11B-09EB-48B5-8DF1-9B65F5AD8E61}.AppStore|ARM.Build.0 = Release|Any CPU
		{2FEBF11B-09EB-48B5-8DF1-9B65F5AD8E61}.AppStore|ARM.Deploy.0 = Release|Any CPU
		{2FEBF11B-09EB-48B5-8DF1-9B65F5AD8E61}.AppStore|iPhone.ActiveCfg = Release|Any CPU
		{2FEBF11B-09EB-48B5-8DF1-9B65F5AD8E61}.AppStore|iPhone.Build.0 = Release|Any CPU
		{2FEBF11B-09EB-48B5-8DF1-9B65F5AD8E61}.AppStore|iPhone.Deploy.0 = Release|Any CPU
		{2FEBF11B-09EB-48B5-8DF1-9B65F5AD8E61}.AppStore|iPhoneSimulator.ActiveCfg = Release|Any CPU
		{2FEBF11B-09EB-48B5-8DF1-9B65F5AD8E61}.AppStore|iPhoneSimulator.Build.0 = Release|Any CPU
		{2FEBF11B-09EB-48B5-8DF1-9B65F5AD8E61}.AppStore|iPhoneSimulator.Deploy.0 = Release|Any CPU
		{2FEBF11B-09EB-48B5-8DF1-9B65F5AD8E61}.AppStore|x64.ActiveCfg = Release|Any CPU
		{2FEBF11B-09EB-48B5-8DF1-9B65F5AD8E61}.AppStore|x64.Build.0 = Release|Any CPU
		{2FEBF11B-09EB-48B5-8DF1-9B65F5AD8E61}.AppStore|x64.Deploy.0 = Release|Any CPU
		{2FEBF11B-09EB-48B5-8DF1-9B65F5AD8E61}.AppStore|x86.ActiveCfg = Release|Any CPU
		{2FEBF11B-09EB-48B5-8DF1-9B65F5AD8E61}.AppStore|x86.Build.0 = Release|Any CPU
		{2FEBF11B-09EB-48B5-8DF1-9B65F5AD8E61}.AppStore|x86.Deploy.0 = Release|Any CPU
		{2FEBF11B-09EB-48B5-8DF1-9B65F5AD8E61}.Debug|Any CPU.ActiveCfg = Debug|Any CPU
		{2FEBF11B-09EB-48B5-8DF1-9B65F5AD8E61}.Debug|Any CPU.Build.0 = Debug|Any CPU
		{2FEBF11B-09EB-48B5-8DF1-9B65F5AD8E61}.Debug|Any CPU.Deploy.0 = Debug|Any CPU
		{2FEBF11B-09EB-48B5-8DF1-9B65F5AD8E61}.Debug|ARM.ActiveCfg = Debug|Any CPU
		{2FEBF11B-09EB-48B5-8DF1-9B65F5AD8E61}.Debug|ARM.Build.0 = Debug|Any CPU
		{2FEBF11B-09EB-48B5-8DF1-9B65F5AD8E61}.Debug|ARM.Deploy.0 = Debug|Any CPU
		{2FEBF11B-09EB-48B5-8DF1-9B65F5AD8E61}.Debug|iPhone.ActiveCfg = Debug|Any CPU
		{2FEBF11B-09EB-48B5-8DF1-9B65F5AD8E61}.Debug|iPhone.Build.0 = Debug|Any CPU
		{2FEBF11B-09EB-48B5-8DF1-9B65F5AD8E61}.Debug|iPhone.Deploy.0 = Debug|Any CPU
		{2FEBF11B-09EB-48B5-8DF1-9B65F5AD8E61}.Debug|iPhoneSimulator.ActiveCfg = Debug|Any CPU
		{2FEBF11B-09EB-48B5-8DF1-9B65F5AD8E61}.Debug|iPhoneSimulator.Build.0 = Debug|Any CPU
		{2FEBF11B-09EB-48B5-8DF1-9B65F5AD8E61}.Debug|iPhoneSimulator.Deploy.0 = Debug|Any CPU
		{2FEBF11B-09EB-48B5-8DF1-9B65F5AD8E61}.Debug|x64.ActiveCfg = Debug|Any CPU
		{2FEBF11B-09EB-48B5-8DF1-9B65F5AD8E61}.Debug|x64.Build.0 = Debug|Any CPU
		{2FEBF11B-09EB-48B5-8DF1-9B65F5AD8E61}.Debug|x64.Deploy.0 = Debug|Any CPU
		{2FEBF11B-09EB-48B5-8DF1-9B65F5AD8E61}.Debug|x86.ActiveCfg = Debug|Any CPU
		{2FEBF11B-09EB-48B5-8DF1-9B65F5AD8E61}.Debug|x86.Build.0 = Debug|Any CPU
		{2FEBF11B-09EB-48B5-8DF1-9B65F5AD8E61}.Debug|x86.Deploy.0 = Debug|Any CPU
		{2FEBF11B-09EB-48B5-8DF1-9B65F5AD8E61}.Release|Any CPU.ActiveCfg = Release|Any CPU
		{2FEBF11B-09EB-48B5-8DF1-9B65F5AD8E61}.Release|Any CPU.Build.0 = Release|Any CPU
		{2FEBF11B-09EB-48B5-8DF1-9B65F5AD8E61}.Release|Any CPU.Deploy.0 = Release|Any CPU
		{2FEBF11B-09EB-48B5-8DF1-9B65F5AD8E61}.Release|ARM.ActiveCfg = Release|Any CPU
		{2FEBF11B-09EB-48B5-8DF1-9B65F5AD8E61}.Release|ARM.Build.0 = Release|Any CPU
		{2FEBF11B-09EB-48B5-8DF1-9B65F5AD8E61}.Release|ARM.Deploy.0 = Release|Any CPU
		{2FEBF11B-09EB-48B5-8DF1-9B65F5AD8E61}.Release|iPhone.ActiveCfg = Release|Any CPU
		{2FEBF11B-09EB-48B5-8DF1-9B65F5AD8E61}.Release|iPhone.Build.0 = Release|Any CPU
		{2FEBF11B-09EB-48B5-8DF1-9B65F5AD8E61}.Release|iPhone.Deploy.0 = Release|Any CPU
		{2FEBF11B-09EB-48B5-8DF1-9B65F5AD8E61}.Release|iPhoneSimulator.ActiveCfg = Release|Any CPU
		{2FEBF11B-09EB-48B5-8DF1-9B65F5AD8E61}.Release|iPhoneSimulator.Build.0 = Release|Any CPU
		{2FEBF11B-09EB-48B5-8DF1-9B65F5AD8E61}.Release|iPhoneSimulator.Deploy.0 = Release|Any CPU
		{2FEBF11B-09EB-48B5-8DF1-9B65F5AD8E61}.Release|x64.ActiveCfg = Release|Any CPU
		{2FEBF11B-09EB-48B5-8DF1-9B65F5AD8E61}.Release|x64.Build.0 = Release|Any CPU
		{2FEBF11B-09EB-48B5-8DF1-9B65F5AD8E61}.Release|x64.Deploy.0 = Release|Any CPU
		{2FEBF11B-09EB-48B5-8DF1-9B65F5AD8E61}.Release|x86.ActiveCfg = Release|Any CPU
		{2FEBF11B-09EB-48B5-8DF1-9B65F5AD8E61}.Release|x86.Build.0 = Release|Any CPU
		{2FEBF11B-09EB-48B5-8DF1-9B65F5AD8E61}.Release|x86.Deploy.0 = Release|Any CPU
		{CEF85733-6A34-4202-AFB1-1335EE6EE187}.Ad-Hoc|Any CPU.ActiveCfg = Ad-Hoc|iPhone
		{CEF85733-6A34-4202-AFB1-1335EE6EE187}.Ad-Hoc|ARM.ActiveCfg = Ad-Hoc|iPhone
		{CEF85733-6A34-4202-AFB1-1335EE6EE187}.Ad-Hoc|iPhone.ActiveCfg = Ad-Hoc|iPhone
		{CEF85733-6A34-4202-AFB1-1335EE6EE187}.Ad-Hoc|iPhone.Build.0 = Ad-Hoc|iPhone
		{CEF85733-6A34-4202-AFB1-1335EE6EE187}.Ad-Hoc|iPhoneSimulator.ActiveCfg = Ad-Hoc|iPhoneSimulator
		{CEF85733-6A34-4202-AFB1-1335EE6EE187}.Ad-Hoc|iPhoneSimulator.Build.0 = Ad-Hoc|iPhoneSimulator
		{CEF85733-6A34-4202-AFB1-1335EE6EE187}.Ad-Hoc|x64.ActiveCfg = Ad-Hoc|iPhone
		{CEF85733-6A34-4202-AFB1-1335EE6EE187}.Ad-Hoc|x86.ActiveCfg = Ad-Hoc|iPhone
		{CEF85733-6A34-4202-AFB1-1335EE6EE187}.AppStore|Any CPU.ActiveCfg = AppStore|iPhone
		{CEF85733-6A34-4202-AFB1-1335EE6EE187}.AppStore|ARM.ActiveCfg = AppStore|iPhone
		{CEF85733-6A34-4202-AFB1-1335EE6EE187}.AppStore|iPhone.ActiveCfg = AppStore|iPhone
		{CEF85733-6A34-4202-AFB1-1335EE6EE187}.AppStore|iPhone.Build.0 = AppStore|iPhone
		{CEF85733-6A34-4202-AFB1-1335EE6EE187}.AppStore|iPhoneSimulator.ActiveCfg = AppStore|iPhoneSimulator
		{CEF85733-6A34-4202-AFB1-1335EE6EE187}.AppStore|iPhoneSimulator.Build.0 = AppStore|iPhoneSimulator
		{CEF85733-6A34-4202-AFB1-1335EE6EE187}.AppStore|x64.ActiveCfg = AppStore|iPhone
		{CEF85733-6A34-4202-AFB1-1335EE6EE187}.AppStore|x86.ActiveCfg = AppStore|iPhone
		{CEF85733-6A34-4202-AFB1-1335EE6EE187}.Debug|Any CPU.ActiveCfg = Debug|iPhone
		{CEF85733-6A34-4202-AFB1-1335EE6EE187}.Debug|Any CPU.Build.0 = Debug|iPhone
		{CEF85733-6A34-4202-AFB1-1335EE6EE187}.Debug|ARM.ActiveCfg = Debug|iPhone
		{CEF85733-6A34-4202-AFB1-1335EE6EE187}.Debug|iPhone.ActiveCfg = Debug|iPhone
		{CEF85733-6A34-4202-AFB1-1335EE6EE187}.Debug|iPhone.Build.0 = Debug|iPhone
		{CEF85733-6A34-4202-AFB1-1335EE6EE187}.Debug|iPhoneSimulator.ActiveCfg = Debug|iPhoneSimulator
		{CEF85733-6A34-4202-AFB1-1335EE6EE187}.Debug|iPhoneSimulator.Build.0 = Debug|iPhoneSimulator
		{CEF85733-6A34-4202-AFB1-1335EE6EE187}.Debug|x64.ActiveCfg = Debug|iPhone
		{CEF85733-6A34-4202-AFB1-1335EE6EE187}.Debug|x86.ActiveCfg = Debug|iPhone
		{CEF85733-6A34-4202-AFB1-1335EE6EE187}.Debug|x86.Build.0 = Debug|iPhone
		{CEF85733-6A34-4202-AFB1-1335EE6EE187}.Release|Any CPU.ActiveCfg = Release|iPhone
		{CEF85733-6A34-4202-AFB1-1335EE6EE187}.Release|ARM.ActiveCfg = Release|iPhone
		{CEF85733-6A34-4202-AFB1-1335EE6EE187}.Release|iPhone.ActiveCfg = Release|iPhone
		{CEF85733-6A34-4202-AFB1-1335EE6EE187}.Release|iPhone.Build.0 = Release|iPhone
		{CEF85733-6A34-4202-AFB1-1335EE6EE187}.Release|iPhoneSimulator.ActiveCfg = Release|iPhoneSimulator
		{CEF85733-6A34-4202-AFB1-1335EE6EE187}.Release|iPhoneSimulator.Build.0 = Release|iPhoneSimulator
		{CEF85733-6A34-4202-AFB1-1335EE6EE187}.Release|x64.ActiveCfg = Release|iPhone
		{CEF85733-6A34-4202-AFB1-1335EE6EE187}.Release|x86.ActiveCfg = Release|iPhone
		{CA829943-B892-4EBD-A373-99DFC0D7822F}.Ad-Hoc|Any CPU.ActiveCfg = Release|Any CPU
		{CA829943-B892-4EBD-A373-99DFC0D7822F}.Ad-Hoc|Any CPU.Build.0 = Release|Any CPU
		{CA829943-B892-4EBD-A373-99DFC0D7822F}.Ad-Hoc|Any CPU.Deploy.0 = Release|Any CPU
		{CA829943-B892-4EBD-A373-99DFC0D7822F}.Ad-Hoc|ARM.ActiveCfg = Release|ARM
		{CA829943-B892-4EBD-A373-99DFC0D7822F}.Ad-Hoc|ARM.Build.0 = Release|ARM
		{CA829943-B892-4EBD-A373-99DFC0D7822F}.Ad-Hoc|ARM.Deploy.0 = Release|ARM
		{CA829943-B892-4EBD-A373-99DFC0D7822F}.Ad-Hoc|iPhone.ActiveCfg = Release|Any CPU
		{CA829943-B892-4EBD-A373-99DFC0D7822F}.Ad-Hoc|iPhone.Build.0 = Release|Any CPU
		{CA829943-B892-4EBD-A373-99DFC0D7822F}.Ad-Hoc|iPhone.Deploy.0 = Release|Any CPU
		{CA829943-B892-4EBD-A373-99DFC0D7822F}.Ad-Hoc|iPhoneSimulator.ActiveCfg = Release|Any CPU
		{CA829943-B892-4EBD-A373-99DFC0D7822F}.Ad-Hoc|iPhoneSimulator.Build.0 = Release|Any CPU
		{CA829943-B892-4EBD-A373-99DFC0D7822F}.Ad-Hoc|iPhoneSimulator.Deploy.0 = Release|Any CPU
		{CA829943-B892-4EBD-A373-99DFC0D7822F}.Ad-Hoc|x64.ActiveCfg = Release|Any CPU
		{CA829943-B892-4EBD-A373-99DFC0D7822F}.Ad-Hoc|x64.Build.0 = Release|Any CPU
		{CA829943-B892-4EBD-A373-99DFC0D7822F}.Ad-Hoc|x64.Deploy.0 = Release|Any CPU
		{CA829943-B892-4EBD-A373-99DFC0D7822F}.Ad-Hoc|x86.ActiveCfg = Release|x86
		{CA829943-B892-4EBD-A373-99DFC0D7822F}.Ad-Hoc|x86.Build.0 = Release|x86
		{CA829943-B892-4EBD-A373-99DFC0D7822F}.Ad-Hoc|x86.Deploy.0 = Release|x86
		{CA829943-B892-4EBD-A373-99DFC0D7822F}.AppStore|Any CPU.ActiveCfg = Release|Any CPU
		{CA829943-B892-4EBD-A373-99DFC0D7822F}.AppStore|Any CPU.Build.0 = Release|Any CPU
		{CA829943-B892-4EBD-A373-99DFC0D7822F}.AppStore|Any CPU.Deploy.0 = Release|Any CPU
		{CA829943-B892-4EBD-A373-99DFC0D7822F}.AppStore|ARM.ActiveCfg = Release|ARM
		{CA829943-B892-4EBD-A373-99DFC0D7822F}.AppStore|ARM.Build.0 = Release|ARM
		{CA829943-B892-4EBD-A373-99DFC0D7822F}.AppStore|ARM.Deploy.0 = Release|ARM
		{CA829943-B892-4EBD-A373-99DFC0D7822F}.AppStore|iPhone.ActiveCfg = Release|Any CPU
		{CA829943-B892-4EBD-A373-99DFC0D7822F}.AppStore|iPhone.Build.0 = Release|Any CPU
		{CA829943-B892-4EBD-A373-99DFC0D7822F}.AppStore|iPhone.Deploy.0 = Release|Any CPU
		{CA829943-B892-4EBD-A373-99DFC0D7822F}.AppStore|iPhoneSimulator.ActiveCfg = Release|Any CPU
		{CA829943-B892-4EBD-A373-99DFC0D7822F}.AppStore|iPhoneSimulator.Build.0 = Release|Any CPU
		{CA829943-B892-4EBD-A373-99DFC0D7822F}.AppStore|iPhoneSimulator.Deploy.0 = Release|Any CPU
		{CA829943-B892-4EBD-A373-99DFC0D7822F}.AppStore|x64.ActiveCfg = Release|Any CPU
		{CA829943-B892-4EBD-A373-99DFC0D7822F}.AppStore|x64.Build.0 = Release|Any CPU
		{CA829943-B892-4EBD-A373-99DFC0D7822F}.AppStore|x64.Deploy.0 = Release|Any CPU
		{CA829943-B892-4EBD-A373-99DFC0D7822F}.AppStore|x86.ActiveCfg = Release|x86
		{CA829943-B892-4EBD-A373-99DFC0D7822F}.AppStore|x86.Build.0 = Release|x86
		{CA829943-B892-4EBD-A373-99DFC0D7822F}.AppStore|x86.Deploy.0 = Release|x86
		{CA829943-B892-4EBD-A373-99DFC0D7822F}.Debug|Any CPU.ActiveCfg = Debug|Any CPU
		{CA829943-B892-4EBD-A373-99DFC0D7822F}.Debug|Any CPU.Build.0 = Debug|Any CPU
		{CA829943-B892-4EBD-A373-99DFC0D7822F}.Debug|Any CPU.Deploy.0 = Debug|Any CPU
		{CA829943-B892-4EBD-A373-99DFC0D7822F}.Debug|ARM.ActiveCfg = Debug|ARM
		{CA829943-B892-4EBD-A373-99DFC0D7822F}.Debug|ARM.Build.0 = Debug|ARM
		{CA829943-B892-4EBD-A373-99DFC0D7822F}.Debug|ARM.Deploy.0 = Debug|ARM
		{CA829943-B892-4EBD-A373-99DFC0D7822F}.Debug|iPhone.ActiveCfg = Debug|Any CPU
		{CA829943-B892-4EBD-A373-99DFC0D7822F}.Debug|iPhone.Build.0 = Debug|Any CPU
		{CA829943-B892-4EBD-A373-99DFC0D7822F}.Debug|iPhone.Deploy.0 = Debug|Any CPU
		{CA829943-B892-4EBD-A373-99DFC0D7822F}.Debug|iPhoneSimulator.ActiveCfg = Debug|Any CPU
		{CA829943-B892-4EBD-A373-99DFC0D7822F}.Debug|iPhoneSimulator.Build.0 = Debug|Any CPU
		{CA829943-B892-4EBD-A373-99DFC0D7822F}.Debug|iPhoneSimulator.Deploy.0 = Debug|Any CPU
		{CA829943-B892-4EBD-A373-99DFC0D7822F}.Debug|x64.ActiveCfg = Debug|Any CPU
		{CA829943-B892-4EBD-A373-99DFC0D7822F}.Debug|x64.Build.0 = Debug|Any CPU
		{CA829943-B892-4EBD-A373-99DFC0D7822F}.Debug|x64.Deploy.0 = Debug|Any CPU
		{CA829943-B892-4EBD-A373-99DFC0D7822F}.Debug|x86.ActiveCfg = Debug|x86
		{CA829943-B892-4EBD-A373-99DFC0D7822F}.Debug|x86.Build.0 = Debug|x86
		{CA829943-B892-4EBD-A373-99DFC0D7822F}.Debug|x86.Deploy.0 = Debug|x86
		{CA829943-B892-4EBD-A373-99DFC0D7822F}.Release|Any CPU.ActiveCfg = Release|Any CPU
		{CA829943-B892-4EBD-A373-99DFC0D7822F}.Release|Any CPU.Build.0 = Release|Any CPU
		{CA829943-B892-4EBD-A373-99DFC0D7822F}.Release|Any CPU.Deploy.0 = Release|Any CPU
		{CA829943-B892-4EBD-A373-99DFC0D7822F}.Release|ARM.ActiveCfg = Release|ARM
		{CA829943-B892-4EBD-A373-99DFC0D7822F}.Release|ARM.Build.0 = Release|ARM
		{CA829943-B892-4EBD-A373-99DFC0D7822F}.Release|ARM.Deploy.0 = Release|ARM
		{CA829943-B892-4EBD-A373-99DFC0D7822F}.Release|iPhone.ActiveCfg = Release|Any CPU
		{CA829943-B892-4EBD-A373-99DFC0D7822F}.Release|iPhone.Build.0 = Release|Any CPU
		{CA829943-B892-4EBD-A373-99DFC0D7822F}.Release|iPhone.Deploy.0 = Release|Any CPU
		{CA829943-B892-4EBD-A373-99DFC0D7822F}.Release|iPhoneSimulator.ActiveCfg = Release|Any CPU
		{CA829943-B892-4EBD-A373-99DFC0D7822F}.Release|iPhoneSimulator.Build.0 = Release|Any CPU
		{CA829943-B892-4EBD-A373-99DFC0D7822F}.Release|iPhoneSimulator.Deploy.0 = Release|Any CPU
		{CA829943-B892-4EBD-A373-99DFC0D7822F}.Release|x64.ActiveCfg = Release|Any CPU
		{CA829943-B892-4EBD-A373-99DFC0D7822F}.Release|x64.Build.0 = Release|Any CPU
		{CA829943-B892-4EBD-A373-99DFC0D7822F}.Release|x64.Deploy.0 = Release|Any CPU
		{CA829943-B892-4EBD-A373-99DFC0D7822F}.Release|x86.ActiveCfg = Release|x86
		{CA829943-B892-4EBD-A373-99DFC0D7822F}.Release|x86.Build.0 = Release|x86
		{CA829943-B892-4EBD-A373-99DFC0D7822F}.Release|x86.Deploy.0 = Release|x86
		{7972456A-9957-42B5-B827-A618F3A58516}.Ad-Hoc|Any CPU.ActiveCfg = Release|x86
		{7972456A-9957-42B5-B827-A618F3A58516}.Ad-Hoc|Any CPU.Build.0 = Release|x86
		{7972456A-9957-42B5-B827-A618F3A58516}.Ad-Hoc|Any CPU.Deploy.0 = Release|x86
		{7972456A-9957-42B5-B827-A618F3A58516}.Ad-Hoc|ARM.ActiveCfg = Release|ARM
		{7972456A-9957-42B5-B827-A618F3A58516}.Ad-Hoc|ARM.Build.0 = Release|ARM
		{7972456A-9957-42B5-B827-A618F3A58516}.Ad-Hoc|ARM.Deploy.0 = Release|ARM
		{7972456A-9957-42B5-B827-A618F3A58516}.Ad-Hoc|iPhone.ActiveCfg = Release|x86
		{7972456A-9957-42B5-B827-A618F3A58516}.Ad-Hoc|iPhone.Build.0 = Release|x86
		{7972456A-9957-42B5-B827-A618F3A58516}.Ad-Hoc|iPhone.Deploy.0 = Release|x86
		{7972456A-9957-42B5-B827-A618F3A58516}.Ad-Hoc|iPhoneSimulator.ActiveCfg = Release|x86
		{7972456A-9957-42B5-B827-A618F3A58516}.Ad-Hoc|iPhoneSimulator.Build.0 = Release|x86
		{7972456A-9957-42B5-B827-A618F3A58516}.Ad-Hoc|iPhoneSimulator.Deploy.0 = Release|x86
		{7972456A-9957-42B5-B827-A618F3A58516}.Ad-Hoc|x64.ActiveCfg = Release|x64
		{7972456A-9957-42B5-B827-A618F3A58516}.Ad-Hoc|x64.Build.0 = Release|x64
		{7972456A-9957-42B5-B827-A618F3A58516}.Ad-Hoc|x64.Deploy.0 = Release|x64
		{7972456A-9957-42B5-B827-A618F3A58516}.Ad-Hoc|x86.ActiveCfg = Release|x86
		{7972456A-9957-42B5-B827-A618F3A58516}.Ad-Hoc|x86.Build.0 = Release|x86
		{7972456A-9957-42B5-B827-A618F3A58516}.Ad-Hoc|x86.Deploy.0 = Release|x86
		{7972456A-9957-42B5-B827-A618F3A58516}.AppStore|Any CPU.ActiveCfg = Release|x86
		{7972456A-9957-42B5-B827-A618F3A58516}.AppStore|Any CPU.Build.0 = Release|x86
		{7972456A-9957-42B5-B827-A618F3A58516}.AppStore|Any CPU.Deploy.0 = Release|x86
		{7972456A-9957-42B5-B827-A618F3A58516}.AppStore|ARM.ActiveCfg = Release|ARM
		{7972456A-9957-42B5-B827-A618F3A58516}.AppStore|ARM.Build.0 = Release|ARM
		{7972456A-9957-42B5-B827-A618F3A58516}.AppStore|ARM.Deploy.0 = Release|ARM
		{7972456A-9957-42B5-B827-A618F3A58516}.AppStore|iPhone.ActiveCfg = Release|x86
		{7972456A-9957-42B5-B827-A618F3A58516}.AppStore|iPhone.Build.0 = Release|x86
		{7972456A-9957-42B5-B827-A618F3A58516}.AppStore|iPhone.Deploy.0 = Release|x86
		{7972456A-9957-42B5-B827-A618F3A58516}.AppStore|iPhoneSimulator.ActiveCfg = Release|x86
		{7972456A-9957-42B5-B827-A618F3A58516}.AppStore|iPhoneSimulator.Build.0 = Release|x86
		{7972456A-9957-42B5-B827-A618F3A58516}.AppStore|iPhoneSimulator.Deploy.0 = Release|x86
		{7972456A-9957-42B5-B827-A618F3A58516}.AppStore|x64.ActiveCfg = Release|x64
		{7972456A-9957-42B5-B827-A618F3A58516}.AppStore|x64.Build.0 = Release|x64
		{7972456A-9957-42B5-B827-A618F3A58516}.AppStore|x64.Deploy.0 = Release|x64
		{7972456A-9957-42B5-B827-A618F3A58516}.AppStore|x86.ActiveCfg = Release|x86
		{7972456A-9957-42B5-B827-A618F3A58516}.AppStore|x86.Build.0 = Release|x86
		{7972456A-9957-42B5-B827-A618F3A58516}.AppStore|x86.Deploy.0 = Release|x86
		{7972456A-9957-42B5-B827-A618F3A58516}.Debug|Any CPU.ActiveCfg = Debug|x86
		{7972456A-9957-42B5-B827-A618F3A58516}.Debug|Any CPU.Build.0 = Debug|x86
		{7972456A-9957-42B5-B827-A618F3A58516}.Debug|Any CPU.Deploy.0 = Debug|x86
		{7972456A-9957-42B5-B827-A618F3A58516}.Debug|ARM.ActiveCfg = Debug|ARM
		{7972456A-9957-42B5-B827-A618F3A58516}.Debug|ARM.Build.0 = Debug|ARM
		{7972456A-9957-42B5-B827-A618F3A58516}.Debug|ARM.Deploy.0 = Debug|ARM
		{7972456A-9957-42B5-B827-A618F3A58516}.Debug|iPhone.ActiveCfg = Debug|x86
		{7972456A-9957-42B5-B827-A618F3A58516}.Debug|iPhoneSimulator.ActiveCfg = Debug|x86
		{7972456A-9957-42B5-B827-A618F3A58516}.Debug|x64.ActiveCfg = Debug|x64
		{7972456A-9957-42B5-B827-A618F3A58516}.Debug|x64.Build.0 = Debug|x64
		{7972456A-9957-42B5-B827-A618F3A58516}.Debug|x64.Deploy.0 = Debug|x64
		{7972456A-9957-42B5-B827-A618F3A58516}.Debug|x86.ActiveCfg = Debug|x86
		{7972456A-9957-42B5-B827-A618F3A58516}.Debug|x86.Build.0 = Debug|x86
		{7972456A-9957-42B5-B827-A618F3A58516}.Debug|x86.Deploy.0 = Debug|x86
		{7972456A-9957-42B5-B827-A618F3A58516}.Release|Any CPU.ActiveCfg = Release|x86
		{7972456A-9957-42B5-B827-A618F3A58516}.Release|ARM.ActiveCfg = Release|ARM
		{7972456A-9957-42B5-B827-A618F3A58516}.Release|ARM.Build.0 = Release|ARM
		{7972456A-9957-42B5-B827-A618F3A58516}.Release|ARM.Deploy.0 = Release|ARM
		{7972456A-9957-42B5-B827-A618F3A58516}.Release|iPhone.ActiveCfg = Release|x86
		{7972456A-9957-42B5-B827-A618F3A58516}.Release|iPhoneSimulator.ActiveCfg = Release|x86
		{7972456A-9957-42B5-B827-A618F3A58516}.Release|x64.ActiveCfg = Release|x64
		{7972456A-9957-42B5-B827-A618F3A58516}.Release|x64.Build.0 = Release|x64
		{7972456A-9957-42B5-B827-A618F3A58516}.Release|x64.Deploy.0 = Release|x64
		{7972456A-9957-42B5-B827-A618F3A58516}.Release|x86.ActiveCfg = Release|x86
		{7972456A-9957-42B5-B827-A618F3A58516}.Release|x86.Build.0 = Release|x86
		{7972456A-9957-42B5-B827-A618F3A58516}.Release|x86.Deploy.0 = Release|x86
		{679139AA-3428-4E72-8A30-9F28257F63D2}.Ad-Hoc|Any CPU.ActiveCfg = Release|Any CPU
		{679139AA-3428-4E72-8A30-9F28257F63D2}.Ad-Hoc|Any CPU.Build.0 = Release|Any CPU
		{679139AA-3428-4E72-8A30-9F28257F63D2}.Ad-Hoc|Any CPU.Deploy.0 = Release|Any CPU
		{679139AA-3428-4E72-8A30-9F28257F63D2}.Ad-Hoc|ARM.ActiveCfg = Release|ARM
		{679139AA-3428-4E72-8A30-9F28257F63D2}.Ad-Hoc|ARM.Build.0 = Release|ARM
		{679139AA-3428-4E72-8A30-9F28257F63D2}.Ad-Hoc|ARM.Deploy.0 = Release|ARM
		{679139AA-3428-4E72-8A30-9F28257F63D2}.Ad-Hoc|iPhone.ActiveCfg = Release|Any CPU
		{679139AA-3428-4E72-8A30-9F28257F63D2}.Ad-Hoc|iPhone.Build.0 = Release|Any CPU
		{679139AA-3428-4E72-8A30-9F28257F63D2}.Ad-Hoc|iPhone.Deploy.0 = Release|Any CPU
		{679139AA-3428-4E72-8A30-9F28257F63D2}.Ad-Hoc|iPhoneSimulator.ActiveCfg = Release|Any CPU
		{679139AA-3428-4E72-8A30-9F28257F63D2}.Ad-Hoc|iPhoneSimulator.Build.0 = Release|Any CPU
		{679139AA-3428-4E72-8A30-9F28257F63D2}.Ad-Hoc|iPhoneSimulator.Deploy.0 = Release|Any CPU
		{679139AA-3428-4E72-8A30-9F28257F63D2}.Ad-Hoc|x64.ActiveCfg = Release|x64
		{679139AA-3428-4E72-8A30-9F28257F63D2}.Ad-Hoc|x64.Build.0 = Release|x64
		{679139AA-3428-4E72-8A30-9F28257F63D2}.Ad-Hoc|x64.Deploy.0 = Release|x64
		{679139AA-3428-4E72-8A30-9F28257F63D2}.Ad-Hoc|x86.ActiveCfg = Release|x86
		{679139AA-3428-4E72-8A30-9F28257F63D2}.Ad-Hoc|x86.Build.0 = Release|x86
		{679139AA-3428-4E72-8A30-9F28257F63D2}.Ad-Hoc|x86.Deploy.0 = Release|x86
		{679139AA-3428-4E72-8A30-9F28257F63D2}.AppStore|Any CPU.ActiveCfg = Release|Any CPU
		{679139AA-3428-4E72-8A30-9F28257F63D2}.AppStore|Any CPU.Build.0 = Release|Any CPU
		{679139AA-3428-4E72-8A30-9F28257F63D2}.AppStore|Any CPU.Deploy.0 = Release|Any CPU
		{679139AA-3428-4E72-8A30-9F28257F63D2}.AppStore|ARM.ActiveCfg = Release|ARM
		{679139AA-3428-4E72-8A30-9F28257F63D2}.AppStore|ARM.Build.0 = Release|ARM
		{679139AA-3428-4E72-8A30-9F28257F63D2}.AppStore|ARM.Deploy.0 = Release|ARM
		{679139AA-3428-4E72-8A30-9F28257F63D2}.AppStore|iPhone.ActiveCfg = Release|Any CPU
		{679139AA-3428-4E72-8A30-9F28257F63D2}.AppStore|iPhone.Build.0 = Release|Any CPU
		{679139AA-3428-4E72-8A30-9F28257F63D2}.AppStore|iPhone.Deploy.0 = Release|Any CPU
		{679139AA-3428-4E72-8A30-9F28257F63D2}.AppStore|iPhoneSimulator.ActiveCfg = Release|Any CPU
		{679139AA-3428-4E72-8A30-9F28257F63D2}.AppStore|iPhoneSimulator.Build.0 = Release|Any CPU
		{679139AA-3428-4E72-8A30-9F28257F63D2}.AppStore|iPhoneSimulator.Deploy.0 = Release|Any CPU
		{679139AA-3428-4E72-8A30-9F28257F63D2}.AppStore|x64.ActiveCfg = Release|x64
		{679139AA-3428-4E72-8A30-9F28257F63D2}.AppStore|x64.Build.0 = Release|x64
		{679139AA-3428-4E72-8A30-9F28257F63D2}.AppStore|x64.Deploy.0 = Release|x64
		{679139AA-3428-4E72-8A30-9F28257F63D2}.AppStore|x86.ActiveCfg = Release|x86
		{679139AA-3428-4E72-8A30-9F28257F63D2}.AppStore|x86.Build.0 = Release|x86
		{679139AA-3428-4E72-8A30-9F28257F63D2}.AppStore|x86.Deploy.0 = Release|x86
		{679139AA-3428-4E72-8A30-9F28257F63D2}.Debug|Any CPU.ActiveCfg = Debug|Any CPU
		{679139AA-3428-4E72-8A30-9F28257F63D2}.Debug|Any CPU.Build.0 = Debug|Any CPU
		{679139AA-3428-4E72-8A30-9F28257F63D2}.Debug|Any CPU.Deploy.0 = Debug|Any CPU
		{679139AA-3428-4E72-8A30-9F28257F63D2}.Debug|ARM.ActiveCfg = Debug|ARM
		{679139AA-3428-4E72-8A30-9F28257F63D2}.Debug|ARM.Build.0 = Debug|ARM
		{679139AA-3428-4E72-8A30-9F28257F63D2}.Debug|ARM.Deploy.0 = Debug|ARM
		{679139AA-3428-4E72-8A30-9F28257F63D2}.Debug|iPhone.ActiveCfg = Debug|Any CPU
		{679139AA-3428-4E72-8A30-9F28257F63D2}.Debug|iPhone.Build.0 = Debug|Any CPU
		{679139AA-3428-4E72-8A30-9F28257F63D2}.Debug|iPhone.Deploy.0 = Debug|Any CPU
		{679139AA-3428-4E72-8A30-9F28257F63D2}.Debug|iPhoneSimulator.ActiveCfg = Debug|Any CPU
		{679139AA-3428-4E72-8A30-9F28257F63D2}.Debug|iPhoneSimulator.Build.0 = Debug|Any CPU
		{679139AA-3428-4E72-8A30-9F28257F63D2}.Debug|iPhoneSimulator.Deploy.0 = Debug|Any CPU
		{679139AA-3428-4E72-8A30-9F28257F63D2}.Debug|x64.ActiveCfg = Debug|x64
		{679139AA-3428-4E72-8A30-9F28257F63D2}.Debug|x64.Build.0 = Debug|x64
		{679139AA-3428-4E72-8A30-9F28257F63D2}.Debug|x64.Deploy.0 = Debug|x64
		{679139AA-3428-4E72-8A30-9F28257F63D2}.Debug|x86.ActiveCfg = Debug|x86
		{679139AA-3428-4E72-8A30-9F28257F63D2}.Debug|x86.Build.0 = Debug|x86
		{679139AA-3428-4E72-8A30-9F28257F63D2}.Debug|x86.Deploy.0 = Debug|x86
		{679139AA-3428-4E72-8A30-9F28257F63D2}.Release|Any CPU.ActiveCfg = Release|Any CPU
		{679139AA-3428-4E72-8A30-9F28257F63D2}.Release|Any CPU.Build.0 = Release|Any CPU
		{679139AA-3428-4E72-8A30-9F28257F63D2}.Release|Any CPU.Deploy.0 = Release|Any CPU
		{679139AA-3428-4E72-8A30-9F28257F63D2}.Release|ARM.ActiveCfg = Release|ARM
		{679139AA-3428-4E72-8A30-9F28257F63D2}.Release|ARM.Build.0 = Release|ARM
		{679139AA-3428-4E72-8A30-9F28257F63D2}.Release|ARM.Deploy.0 = Release|ARM
		{679139AA-3428-4E72-8A30-9F28257F63D2}.Release|iPhone.ActiveCfg = Release|Any CPU
		{679139AA-3428-4E72-8A30-9F28257F63D2}.Release|iPhone.Build.0 = Release|Any CPU
		{679139AA-3428-4E72-8A30-9F28257F63D2}.Release|iPhone.Deploy.0 = Release|Any CPU
		{679139AA-3428-4E72-8A30-9F28257F63D2}.Release|iPhoneSimulator.ActiveCfg = Release|Any CPU
		{679139AA-3428-4E72-8A30-9F28257F63D2}.Release|iPhoneSimulator.Build.0 = Release|Any CPU
		{679139AA-3428-4E72-8A30-9F28257F63D2}.Release|iPhoneSimulator.Deploy.0 = Release|Any CPU
		{679139AA-3428-4E72-8A30-9F28257F63D2}.Release|x64.ActiveCfg = Release|x64
		{679139AA-3428-4E72-8A30-9F28257F63D2}.Release|x64.Build.0 = Release|x64
		{679139AA-3428-4E72-8A30-9F28257F63D2}.Release|x64.Deploy.0 = Release|x64
		{679139AA-3428-4E72-8A30-9F28257F63D2}.Release|x86.ActiveCfg = Release|x86
		{679139AA-3428-4E72-8A30-9F28257F63D2}.Release|x86.Build.0 = Release|x86
		{679139AA-3428-4E72-8A30-9F28257F63D2}.Release|x86.Deploy.0 = Release|x86
		{F86594DF-1CDC-462D-BF32-F04699092740}.Ad-Hoc|Any CPU.ActiveCfg = Release|Any CPU
		{F86594DF-1CDC-462D-BF32-F04699092740}.Ad-Hoc|Any CPU.Build.0 = Release|Any CPU
		{F86594DF-1CDC-462D-BF32-F04699092740}.Ad-Hoc|ARM.ActiveCfg = Release|Any CPU
		{F86594DF-1CDC-462D-BF32-F04699092740}.Ad-Hoc|ARM.Build.0 = Release|Any CPU
		{F86594DF-1CDC-462D-BF32-F04699092740}.Ad-Hoc|iPhone.ActiveCfg = Release|Any CPU
		{F86594DF-1CDC-462D-BF32-F04699092740}.Ad-Hoc|iPhone.Build.0 = Release|Any CPU
		{F86594DF-1CDC-462D-BF32-F04699092740}.Ad-Hoc|iPhoneSimulator.ActiveCfg = Release|Any CPU
		{F86594DF-1CDC-462D-BF32-F04699092740}.Ad-Hoc|iPhoneSimulator.Build.0 = Release|Any CPU
		{F86594DF-1CDC-462D-BF32-F04699092740}.Ad-Hoc|x64.ActiveCfg = Release|Any CPU
		{F86594DF-1CDC-462D-BF32-F04699092740}.Ad-Hoc|x64.Build.0 = Release|Any CPU
		{F86594DF-1CDC-462D-BF32-F04699092740}.Ad-Hoc|x86.ActiveCfg = Release|Any CPU
		{F86594DF-1CDC-462D-BF32-F04699092740}.Ad-Hoc|x86.Build.0 = Release|Any CPU
		{F86594DF-1CDC-462D-BF32-F04699092740}.AppStore|Any CPU.ActiveCfg = Release|Any CPU
		{F86594DF-1CDC-462D-BF32-F04699092740}.AppStore|Any CPU.Build.0 = Release|Any CPU
		{F86594DF-1CDC-462D-BF32-F04699092740}.AppStore|ARM.ActiveCfg = Release|Any CPU
		{F86594DF-1CDC-462D-BF32-F04699092740}.AppStore|ARM.Build.0 = Release|Any CPU
		{F86594DF-1CDC-462D-BF32-F04699092740}.AppStore|iPhone.ActiveCfg = Release|Any CPU
		{F86594DF-1CDC-462D-BF32-F04699092740}.AppStore|iPhone.Build.0 = Release|Any CPU
		{F86594DF-1CDC-462D-BF32-F04699092740}.AppStore|iPhoneSimulator.ActiveCfg = Release|Any CPU
		{F86594DF-1CDC-462D-BF32-F04699092740}.AppStore|iPhoneSimulator.Build.0 = Release|Any CPU
		{F86594DF-1CDC-462D-BF32-F04699092740}.AppStore|x64.ActiveCfg = Release|Any CPU
		{F86594DF-1CDC-462D-BF32-F04699092740}.AppStore|x64.Build.0 = Release|Any CPU
		{F86594DF-1CDC-462D-BF32-F04699092740}.AppStore|x86.ActiveCfg = Release|Any CPU
		{F86594DF-1CDC-462D-BF32-F04699092740}.AppStore|x86.Build.0 = Release|Any CPU
		{F86594DF-1CDC-462D-BF32-F04699092740}.Debug|Any CPU.ActiveCfg = Debug|Any CPU
		{F86594DF-1CDC-462D-BF32-F04699092740}.Debug|Any CPU.Build.0 = Debug|Any CPU
		{F86594DF-1CDC-462D-BF32-F04699092740}.Debug|ARM.ActiveCfg = Debug|Any CPU
		{F86594DF-1CDC-462D-BF32-F04699092740}.Debug|ARM.Build.0 = Debug|Any CPU
		{F86594DF-1CDC-462D-BF32-F04699092740}.Debug|iPhone.ActiveCfg = Debug|Any CPU
		{F86594DF-1CDC-462D-BF32-F04699092740}.Debug|iPhone.Build.0 = Debug|Any CPU
		{F86594DF-1CDC-462D-BF32-F04699092740}.Debug|iPhoneSimulator.ActiveCfg = Debug|Any CPU
		{F86594DF-1CDC-462D-BF32-F04699092740}.Debug|iPhoneSimulator.Build.0 = Debug|Any CPU
		{F86594DF-1CDC-462D-BF32-F04699092740}.Debug|x64.ActiveCfg = Debug|Any CPU
		{F86594DF-1CDC-462D-BF32-F04699092740}.Debug|x64.Build.0 = Debug|Any CPU
		{F86594DF-1CDC-462D-BF32-F04699092740}.Debug|x86.ActiveCfg = Debug|Any CPU
		{F86594DF-1CDC-462D-BF32-F04699092740}.Debug|x86.Build.0 = Debug|Any CPU
		{F86594DF-1CDC-462D-BF32-F04699092740}.Release|Any CPU.ActiveCfg = Release|Any CPU
		{F86594DF-1CDC-462D-BF32-F04699092740}.Release|Any CPU.Build.0 = Release|Any CPU
		{F86594DF-1CDC-462D-BF32-F04699092740}.Release|ARM.ActiveCfg = Release|Any CPU
		{F86594DF-1CDC-462D-BF32-F04699092740}.Release|ARM.Build.0 = Release|Any CPU
		{F86594DF-1CDC-462D-BF32-F04699092740}.Release|iPhone.ActiveCfg = Release|Any CPU
		{F86594DF-1CDC-462D-BF32-F04699092740}.Release|iPhone.Build.0 = Release|Any CPU
		{F86594DF-1CDC-462D-BF32-F04699092740}.Release|iPhoneSimulator.ActiveCfg = Release|Any CPU
		{F86594DF-1CDC-462D-BF32-F04699092740}.Release|iPhoneSimulator.Build.0 = Release|Any CPU
		{F86594DF-1CDC-462D-BF32-F04699092740}.Release|x64.ActiveCfg = Release|Any CPU
		{F86594DF-1CDC-462D-BF32-F04699092740}.Release|x64.Build.0 = Release|Any CPU
		{F86594DF-1CDC-462D-BF32-F04699092740}.Release|x86.ActiveCfg = Release|Any CPU
		{F86594DF-1CDC-462D-BF32-F04699092740}.Release|x86.Build.0 = Release|Any CPU
		{5D4CD759-8E6A-4C62-B6F6-C13CB449F9EA}.Ad-Hoc|Any CPU.ActiveCfg = Release|Any CPU
		{5D4CD759-8E6A-4C62-B6F6-C13CB449F9EA}.Ad-Hoc|Any CPU.Build.0 = Release|Any CPU
		{5D4CD759-8E6A-4C62-B6F6-C13CB449F9EA}.Ad-Hoc|ARM.ActiveCfg = Release|Any CPU
		{5D4CD759-8E6A-4C62-B6F6-C13CB449F9EA}.Ad-Hoc|ARM.Build.0 = Release|Any CPU
		{5D4CD759-8E6A-4C62-B6F6-C13CB449F9EA}.Ad-Hoc|iPhone.ActiveCfg = Release|Any CPU
		{5D4CD759-8E6A-4C62-B6F6-C13CB449F9EA}.Ad-Hoc|iPhone.Build.0 = Release|Any CPU
		{5D4CD759-8E6A-4C62-B6F6-C13CB449F9EA}.Ad-Hoc|iPhoneSimulator.ActiveCfg = Release|Any CPU
		{5D4CD759-8E6A-4C62-B6F6-C13CB449F9EA}.Ad-Hoc|iPhoneSimulator.Build.0 = Release|Any CPU
		{5D4CD759-8E6A-4C62-B6F6-C13CB449F9EA}.Ad-Hoc|x64.ActiveCfg = Release|Any CPU
		{5D4CD759-8E6A-4C62-B6F6-C13CB449F9EA}.Ad-Hoc|x64.Build.0 = Release|Any CPU
		{5D4CD759-8E6A-4C62-B6F6-C13CB449F9EA}.Ad-Hoc|x86.ActiveCfg = Release|Any CPU
		{5D4CD759-8E6A-4C62-B6F6-C13CB449F9EA}.Ad-Hoc|x86.Build.0 = Release|Any CPU
		{5D4CD759-8E6A-4C62-B6F6-C13CB449F9EA}.AppStore|Any CPU.ActiveCfg = Release|Any CPU
		{5D4CD759-8E6A-4C62-B6F6-C13CB449F9EA}.AppStore|Any CPU.Build.0 = Release|Any CPU
		{5D4CD759-8E6A-4C62-B6F6-C13CB449F9EA}.AppStore|ARM.ActiveCfg = Release|Any CPU
		{5D4CD759-8E6A-4C62-B6F6-C13CB449F9EA}.AppStore|ARM.Build.0 = Release|Any CPU
		{5D4CD759-8E6A-4C62-B6F6-C13CB449F9EA}.AppStore|iPhone.ActiveCfg = Release|Any CPU
		{5D4CD759-8E6A-4C62-B6F6-C13CB449F9EA}.AppStore|iPhone.Build.0 = Release|Any CPU
		{5D4CD759-8E6A-4C62-B6F6-C13CB449F9EA}.AppStore|iPhoneSimulator.ActiveCfg = Release|Any CPU
		{5D4CD759-8E6A-4C62-B6F6-C13CB449F9EA}.AppStore|iPhoneSimulator.Build.0 = Release|Any CPU
		{5D4CD759-8E6A-4C62-B6F6-C13CB449F9EA}.AppStore|x64.ActiveCfg = Release|Any CPU
		{5D4CD759-8E6A-4C62-B6F6-C13CB449F9EA}.AppStore|x64.Build.0 = Release|Any CPU
		{5D4CD759-8E6A-4C62-B6F6-C13CB449F9EA}.AppStore|x86.ActiveCfg = Release|Any CPU
		{5D4CD759-8E6A-4C62-B6F6-C13CB449F9EA}.AppStore|x86.Build.0 = Release|Any CPU
		{5D4CD759-8E6A-4C62-B6F6-C13CB449F9EA}.Debug|Any CPU.ActiveCfg = Debug|Any CPU
		{5D4CD759-8E6A-4C62-B6F6-C13CB449F9EA}.Debug|Any CPU.Build.0 = Debug|Any CPU
		{5D4CD759-8E6A-4C62-B6F6-C13CB449F9EA}.Debug|ARM.ActiveCfg = Debug|Any CPU
		{5D4CD759-8E6A-4C62-B6F6-C13CB449F9EA}.Debug|ARM.Build.0 = Debug|Any CPU
		{5D4CD759-8E6A-4C62-B6F6-C13CB449F9EA}.Debug|iPhone.ActiveCfg = Debug|Any CPU
		{5D4CD759-8E6A-4C62-B6F6-C13CB449F9EA}.Debug|iPhone.Build.0 = Debug|Any CPU
		{5D4CD759-8E6A-4C62-B6F6-C13CB449F9EA}.Debug|iPhoneSimulator.ActiveCfg = Debug|Any CPU
		{5D4CD759-8E6A-4C62-B6F6-C13CB449F9EA}.Debug|iPhoneSimulator.Build.0 = Debug|Any CPU
		{5D4CD759-8E6A-4C62-B6F6-C13CB449F9EA}.Debug|x64.ActiveCfg = Debug|Any CPU
		{5D4CD759-8E6A-4C62-B6F6-C13CB449F9EA}.Debug|x64.Build.0 = Debug|Any CPU
		{5D4CD759-8E6A-4C62-B6F6-C13CB449F9EA}.Debug|x86.ActiveCfg = Debug|Any CPU
		{5D4CD759-8E6A-4C62-B6F6-C13CB449F9EA}.Debug|x86.Build.0 = Debug|Any CPU
		{5D4CD759-8E6A-4C62-B6F6-C13CB449F9EA}.Release|Any CPU.ActiveCfg = Release|Any CPU
		{5D4CD759-8E6A-4C62-B6F6-C13CB449F9EA}.Release|Any CPU.Build.0 = Release|Any CPU
		{5D4CD759-8E6A-4C62-B6F6-C13CB449F9EA}.Release|ARM.ActiveCfg = Release|Any CPU
		{5D4CD759-8E6A-4C62-B6F6-C13CB449F9EA}.Release|ARM.Build.0 = Release|Any CPU
		{5D4CD759-8E6A-4C62-B6F6-C13CB449F9EA}.Release|iPhone.ActiveCfg = Release|Any CPU
		{5D4CD759-8E6A-4C62-B6F6-C13CB449F9EA}.Release|iPhone.Build.0 = Release|Any CPU
		{5D4CD759-8E6A-4C62-B6F6-C13CB449F9EA}.Release|iPhoneSimulator.ActiveCfg = Release|Any CPU
		{5D4CD759-8E6A-4C62-B6F6-C13CB449F9EA}.Release|iPhoneSimulator.Build.0 = Release|Any CPU
		{5D4CD759-8E6A-4C62-B6F6-C13CB449F9EA}.Release|x64.ActiveCfg = Release|Any CPU
		{5D4CD759-8E6A-4C62-B6F6-C13CB449F9EA}.Release|x64.Build.0 = Release|Any CPU
		{5D4CD759-8E6A-4C62-B6F6-C13CB449F9EA}.Release|x86.ActiveCfg = Release|Any CPU
		{5D4CD759-8E6A-4C62-B6F6-C13CB449F9EA}.Release|x86.Build.0 = Release|Any CPU
	EndGlobalSection
	GlobalSection(SolutionProperties) = preSolution
		HideSolutionNode = FALSE
	EndGlobalSection
EndGlobal
